{
    "_meta": {
        "hash": {
            "sha256": "aedde870abdea9ba20957f527279d4b3c9db547c5cec710d42ce47a1aa9343ce"
        },
        "pipfile-spec": 6,
        "requires": {
            "python_version": "3.7"
        },
        "sources": [
            {
                "name": "pypi",
                "url": "https://pypi.org/simple",
                "verify_ssl": true
            }
        ]
    },
    "default": {
        "docutils": {
            "hashes": [
                "sha256:0c5b78adfbf7762415433f5515cd5c9e762339e23369dbe8000d84a4bf4ab3af",
                "sha256:c2de3a60e9e7d07be26b7f2b00ca0309c207e06c100f9cc2a94931fc75a478fc"
            ],
            "version": "==0.16"
        },
        "lockfile": {
            "hashes": [
                "sha256:6aed02de03cba24efabcd600b30540140634fc06cfa603822d508d5361e9f799",
                "sha256:6c3cb24f344923d30b2785d5ad75182c8ea7ac1b6171b08657258ec7429d50fa"
            ],
            "version": "==0.12.2"
        },
        "python-daemon": {
            "hashes": [
                "sha256:57c84f50a04d7825515e4dbf3a31c70cc44414394a71608dee6cfde469e81766",
                "sha256:a0d5dc0b435a02c7e0b401e177a7c17c3f4c7b4e22e2d06271122c8fec5f8946"
            ],
            "index": "pypi",
            "version": "==2.2.4"
        }
    },
    "develop": {}
}
